Microsoft Visual Studio Solution File, Format Version 12.00
# Visual Studio Version 18
VisualStudioVersion = 18.0.11201.2 d18.0
MinimumVisualStudioVersion = 10.0.40219.1
Project("{FAE04EC0-301F-11D3-BF4B-00C04F79EFBC}") = "StationeersMods.Interface", "Compatibility\StationeersMods.Interface\StationeersMods.Interface.csproj", "{3ADB58E4-4E36-4E7D-BF51-EFACAE979EC6}"
EndProject
Project("{FAE04EC0-301F-11D3-BF4B-00C04F79EFBC}") = "StationeersMods.Shared", "Compatibility\StationeersMods.Shared\StationeersMods.Shared.csproj", "{1AA11C13-774B-44E9-AAB1-4D963E01E6AF}"
EndProject
Project("{FAE04EC0-301F-11D3-BF4B-00C04F79EFBC}") = "RG.ImGui", "Compatibility\RG.ImGui\RG.ImGui.csproj", "{36DE1849-6373-4CBD-A9EA-A8A2AFB4047A}"
EndProject
Project("{FAE04EC0-301F-11D3-BF4B-00C04F79EFBC}") = "StationeersLaunchPad", "StationeersLaunchPad\StationeersLaunchPad.csproj", "{99AA5FA7-3C70-4213-ADA2-D6D745C38AC1}"
EndProject
Project("{FAE04EC0-301F-11D3-BF4B-00C04F79EFBC}") = "LaunchPadBooster", "LaunchPadBooster\LaunchPadBooster\LaunchPadBooster.csproj", "{9544610A-20E3-4BB0-93C6-6F11701CCA5D}"
EndProject
Project("{2150E333-8FDC-42A3-9474-1A3956D46DE8}") = ".SLP", ".SLP", "{07348662-F5C3-495E-9993-B3B9176E0ED8}"
	ProjectSection(SolutionItems) = preProject
		.editorconfig = .editorconfig
		.gitignore = .gitignore
		.gitmodules = .gitmodules
		Directory.Build.props = Directory.Build.props
		Directory.Build.targets = Directory.Build.targets
		LICENSE.md = LICENSE.md
		README.md = README.md
		Stationeers.VS.props = Stationeers.VS.props
		Stationeers.VS.References.props = Stationeers.VS.References.props
		Stationeers.VS.User.props = Stationeers.VS.User.props
		StationeersLaunchPad.sln.targets = StationeersLaunchPad.sln.targets
	EndProjectSection
EndProject
Project("{2150E333-8FDC-42A3-9474-1A3956D46DE8}") = ".LBP", ".LBP", "{81D3E2BB-EDFA-429D-A4C0-4EC353CA7F18}"
	ProjectSection(SolutionItems) = preProject
		LaunchPadBooster\.editorconfig = LaunchPadBooster\.editorconfig
		LaunchPadBooster\.gitignore = LaunchPadBooster\.gitignore
		LaunchPadBooster\README.md = LaunchPadBooster\README.md
		LaunchPadBooster\LICENSE.md = LaunchPadBooster\LICENSE.md
		LaunchPadBooster\Stationeers.VS.props = LaunchPadBooster\Stationeers.VS.props
		LaunchPadBooster\Stationeers.VS.References.props = LaunchPadBooster\Stationeers.VS.References.props
		LaunchPadBooster\Stationeers.VS.User.props = LaunchPadBooster\Stationeers.VS.User.props
	EndProjectSection
EndProject
Project("{2150E333-8FDC-42A3-9474-1A3956D46DE8}") = "Compatibility", "Compatibility", "{224D246E-A8FC-464A-B2CB-389A905CDCFC}"
EndProject
Global
	GlobalSection(SolutionConfigurationPlatforms) = preSolution
		Debug|x64 = Debug|x64
		Release|x64 = Release|x64
	EndGlobalSection
	GlobalSection(ProjectConfigurationPlatforms) = postSolution
		{3ADB58E4-4E36-4E7D-BF51-EFACAE979EC6}.Debug|x64.ActiveCfg = Debug|x64
		{3ADB58E4-4E36-4E7D-BF51-EFACAE979EC6}.Debug|x64.Build.0 = Debug|x64
		{3ADB58E4-4E36-4E7D-BF51-EFACAE979EC6}.Release|x64.ActiveCfg = Release|x64
		{3ADB58E4-4E36-4E7D-BF51-EFACAE979EC6}.Release|x64.Build.0 = Release|x64
		{1AA11C13-774B-44E9-AAB1-4D963E01E6AF}.Debug|x64.ActiveCfg = Debug|x64
		{1AA11C13-774B-44E9-AAB1-4D963E01E6AF}.Debug|x64.Build.0 = Debug|x64
		{1AA11C13-774B-44E9-AAB1-4D963E01E6AF}.Release|x64.ActiveCfg = Release|x64
		{1AA11C13-774B-44E9-AAB1-4D963E01E6AF}.Release|x64.Build.0 = Release|x64
		{36DE1849-6373-4CBD-A9EA-A8A2AFB4047A}.Debug|x64.ActiveCfg = Debug|x64
		{36DE1849-6373-4CBD-A9EA-A8A2AFB4047A}.Debug|x64.Build.0 = Debug|x64
		{36DE1849-6373-4CBD-A9EA-A8A2AFB4047A}.Release|x64.ActiveCfg = Release|x64
		{36DE1849-6373-4CBD-A9EA-A8A2AFB4047A}.Release|x64.Build.0 = Release|x64
		{99AA5FA7-3C70-4213-ADA2-D6D745C38AC1}.Debug|x64.ActiveCfg = Debug|x64
		{99AA5FA7-3C70-4213-ADA2-D6D745C38AC1}.Debug|x64.Build.0 = Debug|x64
		{99AA5FA7-3C70-4213-ADA2-D6D745C38AC1}.Release|x64.ActiveCfg = Release|x64
		{99AA5FA7-3C70-4213-ADA2-D6D745C38AC1}.Release|x64.Build.0 = Release|x64
		{9544610A-20E3-4BB0-93C6-6F11701CCA5D}.Debug|x64.ActiveCfg = Debug|x64
		{9544610A-20E3-4BB0-93C6-6F11701CCA5D}.Debug|x64.Build.0 = Debug|x64
		{9544610A-20E3-4BB0-93C6-6F11701CCA5D}.Release|x64.ActiveCfg = Release|x64
		{9544610A-20E3-4BB0-93C6-6F11701CCA5D}.Release|x64.Build.0 = Release|x64
	EndGlobalSection
	GlobalSection(SolutionProperties) = preSolution
		HideSolutionNode = FALSE
	EndGlobalSection
	GlobalSection(NestedProjects) = preSolution
		{3ADB58E4-4E36-4E7D-BF51-EFACAE979EC6} = {224D246E-A8FC-464A-B2CB-389A905CDCFC}
		{1AA11C13-774B-44E9-AAB1-4D963E01E6AF} = {224D246E-A8FC-464A-B2CB-389A905CDCFC}
		{36DE1849-6373-4CBD-A9EA-A8A2AFB4047A} = {224D246E-A8FC-464A-B2CB-389A905CDCFC}
	EndGlobalSection
	GlobalSection(ExtensibilityGlobals) = postSolution
		SolutionGuid = {6EDAB6C2-23F0-4CA7-BA75-82B821B28A19}
	EndGlobalSection
EndGlobal
