
Microsoft Visual Studio Solution File, Format Version 12.00
Project("{FAE04EC0-301F-11D3-BF4B-00C04F79EFBC}") = "StationeersMods.Interface", "Compatibility/StationeersMods.Interface/StationeersMods.Interface.csproj", "{3adb58e4-4e36-4e7d-bf51-efacae979ec6}"
EndProject
Project("{FAE04EC0-301F-11D3-BF4B-00C04F79EFBC}") = "StationeersMods.Shared", "Compatibility/StationeersMods.Shared/StationeersMods.Shared.csproj", "{1aa11c13-774b-44e9-aab1-4d963e01e6af}"
EndProject
Project("{FAE04EC0-301F-11D3-BF4B-00C04F79EFBC}") = "RG.ImGui", "Compatibility/RG.ImGui/RG.ImGui.csproj", "{36de1849-6373-4cbd-a9ea-a8a2afb4047a}"
EndProject
Project("{FAE04EC0-301F-11D3-BF4B-00C04F79EFBC}") = "StationeersLaunchPad", "StationeersLaunchPad/StationeersLaunchPad.csproj", "{99aa5fa7-3c70-4213-ada2-d6d745c38ac1}"
EndProject
Project("{FAE04EC0-301F-11D3-BF4B-00C04F79EFBC}") = "LaunchPadBooster", "LaunchPadBooster/LaunchPadBooster/LaunchPadBooster.csproj", "{9544610a-20e3-4bb0-93c6-6f11701cca5d}"
EndProject
Global
	GlobalSection(SolutionConfigurationPlatforms) = preSolution
		Debug|x64 = Debug|x64
		Release|x64 = Release|x64
	EndGlobalSection
	GlobalSection(ProjectConfigurationPlatforms) = postSolution
		{3adb58e4-4e36-4e7d-bf51-efacae979ec6}.Release|x64.ActiveCfg = Release|x64
		{3adb58e4-4e36-4e7d-bf51-efacae979ec6}.Release|x64.Build.0 = Release|x64
		{3adb58e4-4e36-4e7d-bf51-efacae979ec6}.Debug|x64.ActiveCfg = Debug|x64
		{3adb58e4-4e36-4e7d-bf51-efacae979ec6}.Debug|x64.Build.0 = Debug|x64
		{1aa11c13-774b-44e9-aab1-4d963e01e6af}.Release|x64.ActiveCfg = Release|x64
		{1aa11c13-774b-44e9-aab1-4d963e01e6af}.Release|x64.Build.0 = Release|x64
		{1aa11c13-774b-44e9-aab1-4d963e01e6af}.Debug|x64.ActiveCfg = Debug|x64
		{1aa11c13-774b-44e9-aab1-4d963e01e6af}.Debug|x64.Build.0 = Debug|x64
		{36de1849-6373-4cbd-a9ea-a8a2afb4047a}.Release|x64.ActiveCfg = Release|x64
		{36de1849-6373-4cbd-a9ea-a8a2afb4047a}.Release|x64.Build.0 = Release|x64
		{36de1849-6373-4cbd-a9ea-a8a2afb4047a}.Debug|x64.ActiveCfg = Debug|x64
		{36de1849-6373-4cbd-a9ea-a8a2afb4047a}.Debug|x64.Build.0 = Debug|x64
		{99aa5fa7-3c70-4213-ada2-d6d745c38ac1}.Release|x64.ActiveCfg = Release|x64
		{99aa5fa7-3c70-4213-ada2-d6d745c38ac1}.Release|x64.Build.0 = Release|x64
		{99aa5fa7-3c70-4213-ada2-d6d745c38ac1}.Debug|x64.ActiveCfg = Debug|x64
		{99aa5fa7-3c70-4213-ada2-d6d745c38ac1}.Debug|x64.Build.0 = Debug|x64
		{9544610a-20e3-4bb0-93c6-6f11701cca5d}.Release|x64.ActiveCfg = Release|x64
		{9544610a-20e3-4bb0-93c6-6f11701cca5d}.Release|x64.Build.0 = Release|x64
		{9544610a-20e3-4bb0-93c6-6f11701cca5d}.Debug|x64.ActiveCfg = Debug|x64
		{9544610a-20e3-4bb0-93c6-6f11701cca5d}.Debug|x64.Build.0 = Debug|x64
	EndGlobalSection
EndGlobal
